NeoBundleLock neobundle.vim 6e696b19d8ff36bf754f901a6b7e42671e06b7a8
NeoBundleLock neocomplete.vim dd936527b5b5097a98b5d0a147425e0883948bfd
NeoBundleLock rainbow 18b7bc1b721f32fcabe740e098d693eace6ad655
NeoBundleLock rust.vim 5a6133680ecf9e22eeba35c35e62ea6210225b02
NeoBundleLock slimv 3c526525197b67f0708b424347eb077d2d929005
NeoBundleLock syntastic 5c6e78a2711aa5d04d116123d78684b620033c3d
NeoBundleLock ultisnips 7b8641e1fd49ca9a048b636d9838b5fea6da9536
NeoBundleLock undotree e5a01b2eb94afd256a96cac07ba2981a55dd9665
NeoBundleLock unite.vim 9e8b314a191a4379c5518838c475763d67cf0dd9
NeoBundleLock vim-abolish f0d785d9163ec40b6566a0cb9e073c4e41f21875
NeoBundleLock vim-colors-solarized 528a59f26d12278698bb946f8fb82a63711eec21
NeoBundleLock vim-easymotion 42e02a741c3e034a67a615945c4144c0fb0242a5
NeoBundleLock vim-fugitive 123d2e096de2c857cf56b30c7ad48ec6f969c956
NeoBundleLock vim-gitgutter 0af9f2a3ab029054d279f69364351e95e107008a
NeoBundleLock vim-glsl 4459d197deb3fe31d2ca2dfd20f0476cc818f817
NeoBundleLock vim-obsession ad1ef9a0db9a03463b005b488fd27cb735317394
NeoBundleLock vim-repeat 2a3c5f8e3c26a57b8eb4cfc4be79615a1c508ef6
NeoBundleLock vim-snippets 1327c1ba54c8c367995b536b8cb7d8e7cc7c4c03
NeoBundleLock vim-surround f85cb4e788356f664d033e8519abdd8e1bc26762
NeoBundleLock vim-toml 190a55c2dd70ff0f865d5012bd637e8e0c426418
NeoBundleLock vimproc.vim 3ab0a236e65b277670266c1187da9a49064c1500
